
Microsoft Visual Studio Solution File, Format Version 12.00
# Visual Studio Version 17
VisualStudioVersion = 17.8.34322.80
MinimumVisualStudioVersion = 10.0.40219.1
Project("{FAE04EC0-301F-11D3-BF4B-00C04F79EFBC}") = "PropelTech.TechTest.AddressBook.Types", "PropelTech.TechTest.AddressBook.Types\PropelTech.TechTest.AddressBook.Types.csproj", "{316E6C29-04F4-40B2-B6D0-EA4372AE232C}"
EndProject
Project("{FAE04EC0-301F-11D3-BF4B-00C04F79EFBC}") = "PropelTech.TechTest.AddressBook.DataAccess", "PropelTech.TechTest.AddressBook.DataAccess\PropelTech.TechTest.AddressBook.DataAccess.csproj", "{11994B50-9949-45AB-9DC9-A76426B13632}"
EndProject
Project("{FAE04EC0-301F-11D3-BF4B-00C04F79EFBC}") = "PropelTech.TechTest.AddressBook.Tests", "PropelTech.TechTest.AddressBook.Tests\PropelTech.TechTest.AddressBook.Tests.csproj", "{22E60F0E-4C66-406E-8613-B6FBA6F5ADAD}"
EndProject
Global
	GlobalSection(SolutionConfigurationPlatforms) = preSolution
		Debug|Any CPU = Debug|Any CPU
		Release|Any CPU = Release|Any CPU
	EndGlobalSection
	GlobalSection(ProjectConfigurationPlatforms) = postSolution
		{316E6C29-04F4-40B2-B6D0-EA4372AE232C}.Debug|Any CPU.ActiveCfg = Debug|Any CPU
		{316E6C29-04F4-40B2-B6D0-EA4372AE232C}.Debug|Any CPU.Build.0 = Debug|Any CPU
		{316E6C29-04F4-40B2-B6D0-EA4372AE232C}.Release|Any CPU.ActiveCfg = Release|Any CPU
		{316E6C29-04F4-40B2-B6D0-EA4372AE232C}.Release|Any CPU.Build.0 = Release|Any CPU
		{11994B50-9949-45AB-9DC9-A76426B13632}.Debug|Any CPU.ActiveCfg = Debug|Any CPU
		{11994B50-9949-45AB-9DC9-A76426B13632}.Debug|Any CPU.Build.0 = Debug|Any CPU
		{11994B50-9949-45AB-9DC9-A76426B13632}.Release|Any CPU.ActiveCfg = Release|Any CPU
		{11994B50-9949-45AB-9DC9-A76426B13632}.Release|Any CPU.Build.0 = Release|Any CPU
		{22E60F0E-4C66-406E-8613-B6FBA6F5ADAD}.Debug|Any CPU.ActiveCfg = Debug|Any CPU
		{22E60F0E-4C66-406E-8613-B6FBA6F5ADAD}.Debug|Any CPU.Build.0 = Debug|Any CPU
		{22E60F0E-4C66-406E-8613-B6FBA6F5ADAD}.Release|Any CPU.ActiveCfg = Release|Any CPU
		{22E60F0E-4C66-406E-8613-B6FBA6F5ADAD}.Release|Any CPU.Build.0 = Release|Any CPU
	EndGlobalSection
	GlobalSection(SolutionProperties) = preSolution
		HideSolutionNode = FALSE
	EndGlobalSection
	GlobalSection(ExtensibilityGlobals) = postSolution
		SolutionGuid = {9F1037FF-CC1D-48C0-84D1-57D256833BEB}
	EndGlobalSection
EndGlobal
